
Microsoft Visual Studio Solution File, Format Version 12.00
# Visual Studio Version 16
VisualStudioVersion = 16.0.30413.136
MinimumVisualStudioVersion = 10.0.40219.1
Project("{FAE04EC0-301F-11D3-BF4B-00C04F79EFBC}") = "Cuadros de Texto", "Cuadros de Texto\Cuadros de Texto.csproj", "{0C4EDB80-BF99-48EE-B62C-92BEEF6BC27E}"
EndProject
Global
	GlobalSection(SolutionConfigurationPlatforms) = preSolution
		Debug|Any CPU = Debug|Any CPU
		Release|Any CPU = Release|Any CPU
	EndGlobalSection
	GlobalSection(ProjectConfigurationPlatforms) = postSolution
		{0C4EDB80-BF99-48EE-B62C-92BEEF6BC27E}.Debug|Any CPU.ActiveCfg = Debug|Any CPU
		{0C4EDB80-BF99-48EE-B62C-92BEEF6BC27E}.Debug|Any CPU.Build.0 = Debug|Any CPU
		{0C4EDB80-BF99-48EE-B62C-92BEEF6BC27E}.Release|Any CPU.ActiveCfg = Release|Any CPU
		{0C4EDB80-BF99-48EE-B62C-92BEEF6BC27E}.Release|Any CPU.Build.0 = Release|Any CPU
	EndGlobalSection
	GlobalSection(SolutionProperties) = preSolution
		HideSolutionNode = FALSE
	EndGlobalSection
	GlobalSection(ExtensibilityGlobals) = postSolution
		SolutionGuid = {D43D9268-F451-4ABC-8E8D-334535DF80A7}
	EndGlobalSection
EndGlobal
